
Microsoft Visual Studio Solution File, Format Version 12.00
# Visual Studio 15
VisualStudioVersion = 15.0.28307.489
MinimumVisualStudioVersion = 10.0.40219.1
Project("{FAE04EC0-301F-11D3-BF4B-00C04F79EFBC}") = "SOA_RAC_Form_App", "SOA_RAC_Form_App\SOA_RAC_Form_App.csproj", "{C758E26C-0EFF-4B64-B261-0E0ECEB4AA26}"
EndProject
Global
	GlobalSection(SolutionConfigurationPlatforms) = preSolution
		Debug|Any CPU = Debug|Any CPU
		Release|Any CPU = Release|Any CPU
	EndGlobalSection
	GlobalSection(ProjectConfigurationPlatforms) = postSolution
		{C758E26C-0EFF-4B64-B261-0E0ECEB4AA26}.Debug|Any CPU.ActiveCfg = Debug|Any CPU
		{C758E26C-0EFF-4B64-B261-0E0ECEB4AA26}.Debug|Any CPU.Build.0 = Debug|Any CPU
		{C758E26C-0EFF-4B64-B261-0E0ECEB4AA26}.Release|Any CPU.ActiveCfg = Release|Any CPU
		{C758E26C-0EFF-4B64-B261-0E0ECEB4AA26}.Release|Any CPU.Build.0 = Release|Any CPU
	EndGlobalSection
	GlobalSection(SolutionProperties) = preSolution
		HideSolutionNode = FALSE
	EndGlobalSection
	GlobalSection(ExtensibilityGlobals) = postSolution
		SolutionGuid = {7E5DB03A-4EC1-43BE-9BAF-0B87055E8AD4}
	EndGlobalSection
EndGlobal
